
Microsoft Visual Studio Solution File, Format Version 12.00
Project("{2150E333-8FDC-42A3-9474-1A3956D46DE8}") = "Application", "Application", "{78CC4500-4281-4E49-B290-C17A2CA7E451}"
EndProject
Project("{2150E333-8FDC-42A3-9474-1A3956D46DE8}") = "Domain", "Domain", "{68D411A6-B432-4130-A2C0-157903FFD595}"
EndProject
Project("{2150E333-8FDC-42A3-9474-1A3956D46DE8}") = "Infrastructure", "Infrastructure", "{2FBF096F-F535-48AB-B88C-A0826DD0E211}"
EndProject
Project("{2150E333-8FDC-42A3-9474-1A3956D46DE8}") = "WebAPI", "WebAPI", "{F0F6CB69-67EF-4EBB-9BCD-C61702B535ED}"
EndProject
Project("{FAE04EC0-301F-11D3-BF4B-00C04F79EFBC}") = "FitnessCorrector.Domain", "FitnessCorrector.Domain\FitnessCorrector.Domain.csproj", "{A2F84E35-B13A-481F-8D2E-31CB9D3307DB}"
EndProject
Project("{FAE04EC0-301F-11D3-BF4B-00C04F79EFBC}") = "FitnessCorrector.Application", "FitnessCorrector.Application\FitnessCorrector.Application.csproj", "{645BF698-BF1D-49B6-8698-979F05F9C1FD}"
EndProject
Project("{FAE04EC0-301F-11D3-BF4B-00C04F79EFBC}") = "FitnessCorrector.Infrastructure", "FitnessCorrector.Infrastructure\FitnessCorrector.Infrastructure.csproj", "{18A20538-22A7-492B-86D4-D6FF6FF8F9BD}"
EndProject
Project("{FAE04EC0-301F-11D3-BF4B-00C04F79EFBC}") = "FitnessCorrector.WebAPI", "FitnessCorrector.WebAPI\FitnessCorrector.WebAPI.csproj", "{E2202E28-28FB-424F-BB52-31AA85A1277D}"
EndProject
Project("{FAE04EC0-301F-11D3-BF4B-00C04F79EFBC}") = "FitnessCorrector.Tests", "FitnessCorrector.Tests\FitnessCorrector.Tests.csproj", "{58C0C6FE-CE11-435D-A22C-50C6B9543363}"
EndProject
Global
	GlobalSection(SolutionConfigurationPlatforms) = preSolution
		Debug|Any CPU = Debug|Any CPU
		Release|Any CPU = Release|Any CPU
	EndGlobalSection
	GlobalSection(NestedProjects) = preSolution
		{A2F84E35-B13A-481F-8D2E-31CB9D3307DB} = {68D411A6-B432-4130-A2C0-157903FFD595}
		{645BF698-BF1D-49B6-8698-979F05F9C1FD} = {78CC4500-4281-4E49-B290-C17A2CA7E451}
		{18A20538-22A7-492B-86D4-D6FF6FF8F9BD} = {2FBF096F-F535-48AB-B88C-A0826DD0E211}
		{E2202E28-28FB-424F-BB52-31AA85A1277D} = {F0F6CB69-67EF-4EBB-9BCD-C61702B535ED}
	EndGlobalSection
	GlobalSection(ProjectConfigurationPlatforms) = postSolution
		{A2F84E35-B13A-481F-8D2E-31CB9D3307DB}.Debug|Any CPU.ActiveCfg = Debug|Any CPU
		{A2F84E35-B13A-481F-8D2E-31CB9D3307DB}.Debug|Any CPU.Build.0 = Debug|Any CPU
		{A2F84E35-B13A-481F-8D2E-31CB9D3307DB}.Release|Any CPU.ActiveCfg = Release|Any CPU
		{A2F84E35-B13A-481F-8D2E-31CB9D3307DB}.Release|Any CPU.Build.0 = Release|Any CPU
		{645BF698-BF1D-49B6-8698-979F05F9C1FD}.Debug|Any CPU.ActiveCfg = Debug|Any CPU
		{645BF698-BF1D-49B6-8698-979F05F9C1FD}.Debug|Any CPU.Build.0 = Debug|Any CPU
		{645BF698-BF1D-49B6-8698-979F05F9C1FD}.Release|Any CPU.ActiveCfg = Release|Any CPU
		{645BF698-BF1D-49B6-8698-979F05F9C1FD}.Release|Any CPU.Build.0 = Release|Any CPU
		{18A20538-22A7-492B-86D4-D6FF6FF8F9BD}.Debug|Any CPU.ActiveCfg = Debug|Any CPU
		{18A20538-22A7-492B-86D4-D6FF6FF8F9BD}.Debug|Any CPU.Build.0 = Debug|Any CPU
		{18A20538-22A7-492B-86D4-D6FF6FF8F9BD}.Release|Any CPU.ActiveCfg = Release|Any CPU
		{18A20538-22A7-492B-86D4-D6FF6FF8F9BD}.Release|Any CPU.Build.0 = Release|Any CPU
		{E2202E28-28FB-424F-BB52-31AA85A1277D}.Debug|Any CPU.ActiveCfg = Debug|Any CPU
		{E2202E28-28FB-424F-BB52-31AA85A1277D}.Debug|Any CPU.Build.0 = Debug|Any CPU
		{E2202E28-28FB-424F-BB52-31AA85A1277D}.Release|Any CPU.ActiveCfg = Release|Any CPU
		{E2202E28-28FB-424F-BB52-31AA85A1277D}.Release|Any CPU.Build.0 = Release|Any CPU
		{58C0C6FE-CE11-435D-A22C-50C6B9543363}.Debug|Any CPU.ActiveCfg = Debug|Any CPU
		{58C0C6FE-CE11-435D-A22C-50C6B9543363}.Debug|Any CPU.Build.0 = Debug|Any CPU
		{58C0C6FE-CE11-435D-A22C-50C6B9543363}.Release|Any CPU.ActiveCfg = Release|Any CPU
		{58C0C6FE-CE11-435D-A22C-50C6B9543363}.Release|Any CPU.Build.0 = Release|Any CPU
	EndGlobalSection
EndGlobal
